
Microsoft Visual Studio Solution File, Format Version 12.00
# Visual Studio Version 18
VisualStudioVersion = 18.0.11205.157
MinimumVisualStudioVersion = 10.0.40219.1
Project("{FAE04EC0-301F-11D3-BF4B-00C04F79EFBC}") = "Pdu-UdmCws-Epi", "Pdu-UdmCws-Epi\Pdu-UdmCws-Epi.csproj", "{4FE49213-9CBC-47EE-8ACB-C59D3D39EF09}"
EndProject
Project("{FAE04EC0-301F-11D3-BF4B-00C04F79EFBC}") = "Pdu-UdmCws-Lib", "Pdu-UdmCws-Lib\Pdu-UdmCws-Lib.csproj", "{CDCFCD17-19C0-4CD4-B96B-82BC0FFE97F6}"
EndProject
Project("{FAE04EC0-301F-11D3-BF4B-00C04F79EFBC}") = "Pdu-UdmCws-Plus", "Pdu-UdmCws-Plus\Pdu-UdmCws-Plus.csproj", "{076EC35D-6E38-4814-8DF0-F381F26E3A05}"
EndProject
Global
	GlobalSection(SolutionConfigurationPlatforms) = preSolution
		Debug|Any CPU = Debug|Any CPU
		Debug|x64 = Debug|x64
		Debug|x86 = Debug|x86
		Release|Any CPU = Release|Any CPU
		Release|x64 = Release|x64
		Release|x86 = Release|x86
	EndGlobalSection
	GlobalSection(ProjectConfigurationPlatforms) = postSolution
		{4FE49213-9CBC-47EE-8ACB-C59D3D39EF09}.Debug|Any CPU.ActiveCfg = Debug|Any CPU
		{4FE49213-9CBC-47EE-8ACB-C59D3D39EF09}.Debug|Any CPU.Build.0 = Debug|Any CPU
		{4FE49213-9CBC-47EE-8ACB-C59D3D39EF09}.Debug|x64.ActiveCfg = Debug|Any CPU
		{4FE49213-9CBC-47EE-8ACB-C59D3D39EF09}.Debug|x64.Build.0 = Debug|Any CPU
		{4FE49213-9CBC-47EE-8ACB-C59D3D39EF09}.Debug|x86.ActiveCfg = Debug|Any CPU
		{4FE49213-9CBC-47EE-8ACB-C59D3D39EF09}.Debug|x86.Build.0 = Debug|Any CPU
		{4FE49213-9CBC-47EE-8ACB-C59D3D39EF09}.Release|Any CPU.ActiveCfg = Release|Any CPU
		{4FE49213-9CBC-47EE-8ACB-C59D3D39EF09}.Release|Any CPU.Build.0 = Release|Any CPU
		{4FE49213-9CBC-47EE-8ACB-C59D3D39EF09}.Release|x64.ActiveCfg = Release|Any CPU
		{4FE49213-9CBC-47EE-8ACB-C59D3D39EF09}.Release|x64.Build.0 = Release|Any CPU
		{4FE49213-9CBC-47EE-8ACB-C59D3D39EF09}.Release|x86.ActiveCfg = Release|Any CPU
		{4FE49213-9CBC-47EE-8ACB-C59D3D39EF09}.Release|x86.Build.0 = Release|Any CPU
		{CDCFCD17-19C0-4CD4-B96B-82BC0FFE97F6}.Debug|Any CPU.ActiveCfg = Debug|Any CPU
		{CDCFCD17-19C0-4CD4-B96B-82BC0FFE97F6}.Debug|Any CPU.Build.0 = Debug|Any CPU
		{CDCFCD17-19C0-4CD4-B96B-82BC0FFE97F6}.Debug|x64.ActiveCfg = Debug|Any CPU
		{CDCFCD17-19C0-4CD4-B96B-82BC0FFE97F6}.Debug|x64.Build.0 = Debug|Any CPU
		{CDCFCD17-19C0-4CD4-B96B-82BC0FFE97F6}.Debug|x86.ActiveCfg = Debug|Any CPU
		{CDCFCD17-19C0-4CD4-B96B-82BC0FFE97F6}.Debug|x86.Build.0 = Debug|Any CPU
		{CDCFCD17-19C0-4CD4-B96B-82BC0FFE97F6}.Release|Any CPU.ActiveCfg = Release|Any CPU
		{CDCFCD17-19C0-4CD4-B96B-82BC0FFE97F6}.Release|Any CPU.Build.0 = Release|Any CPU
		{CDCFCD17-19C0-4CD4-B96B-82BC0FFE97F6}.Release|x64.ActiveCfg = Release|Any CPU
		{CDCFCD17-19C0-4CD4-B96B-82BC0FFE97F6}.Release|x64.Build.0 = Release|Any CPU
		{CDCFCD17-19C0-4CD4-B96B-82BC0FFE97F6}.Release|x86.ActiveCfg = Release|Any CPU
		{CDCFCD17-19C0-4CD4-B96B-82BC0FFE97F6}.Release|x86.Build.0 = Release|Any CPU
		{076EC35D-6E38-4814-8DF0-F381F26E3A05}.Debug|Any CPU.ActiveCfg = Debug|Any CPU
		{076EC35D-6E38-4814-8DF0-F381F26E3A05}.Debug|Any CPU.Build.0 = Debug|Any CPU
		{076EC35D-6E38-4814-8DF0-F381F26E3A05}.Debug|x64.ActiveCfg = Debug|Any CPU
		{076EC35D-6E38-4814-8DF0-F381F26E3A05}.Debug|x64.Build.0 = Debug|Any CPU
		{076EC35D-6E38-4814-8DF0-F381F26E3A05}.Debug|x86.ActiveCfg = Debug|Any CPU
		{076EC35D-6E38-4814-8DF0-F381F26E3A05}.Debug|x86.Build.0 = Debug|Any CPU
		{076EC35D-6E38-4814-8DF0-F381F26E3A05}.Release|Any CPU.ActiveCfg = Release|Any CPU
		{076EC35D-6E38-4814-8DF0-F381F26E3A05}.Release|Any CPU.Build.0 = Release|Any CPU
		{076EC35D-6E38-4814-8DF0-F381F26E3A05}.Release|x64.ActiveCfg = Release|Any CPU
		{076EC35D-6E38-4814-8DF0-F381F26E3A05}.Release|x64.Build.0 = Release|Any CPU
		{076EC35D-6E38-4814-8DF0-F381F26E3A05}.Release|x86.ActiveCfg = Release|Any CPU
		{076EC35D-6E38-4814-8DF0-F381F26E3A05}.Release|x86.Build.0 = Release|Any CPU
	EndGlobalSection
	GlobalSection(SolutionProperties) = preSolution
		HideSolutionNode = FALSE
	EndGlobalSection
	GlobalSection(ExtensibilityGlobals) = postSolution
		SolutionGuid = {A062F7CF-1212-4820-871E-6833F6A78B98}
	EndGlobalSection
EndGlobal
